
Microsoft Visual Studio Solution File, Format Version 12.00
# Visual Studio 14
VisualStudioVersion = 14.0.25420.1
MinimumVisualStudioVersion = 10.0.40219.1
Project("{FAE04EC0-301F-11D3-BF4B-00C04F79EFBC}") = "CreateDeviceIdentity", "CreateDeviceIdentity\CreateDeviceIdentity.csproj", "{960BD666-A498-413A-9D28-B9E6BE40C4FA}"
EndProject
Project("{FAE04EC0-301F-11D3-BF4B-00C04F79EFBC}") = "ReadDeviceToCloudMessages", "ReadDeviceToCloudMessages\ReadDeviceToCloudMessages.csproj", "{937FF9DB-8BA5-4BF8-8F95-1185DD41E914}"
EndProject
Project("{FAE04EC0-301F-11D3-BF4B-00C04F79EFBC}") = "SimulatedDevice", "SimulatedDevice\SimulatedDevice.csproj", "{4704F0E6-C5EE-4546-80E3-316F2559F259}"
EndProject
Project("{FAE04EC0-301F-11D3-BF4B-00C04F79EFBC}") = "ProcessDeviceToCloudMessages", "ProcessDeviceToCloudMessages\ProcessDeviceToCloudMessages.csproj", "{89B949B6-C055-4C1C-8D9D-87EECADBEFE5}"
EndProject
Project("{FAE04EC0-301F-11D3-BF4B-00C04F79EFBC}") = "MicrosoftAzure.Tutorial.ServiceBus.SendMessage", "MicrosoftAzure.Tutorial.ServiceBus.SendMessage\MicrosoftAzure.Tutorial.ServiceBus.SendMessage.csproj", "{341B5883-44F3-4F82-9E07-EF0FCAE75A15}"
EndProject
Project("{FAE04EC0-301F-11D3-BF4B-00C04F79EFBC}") = "MicrosoftAzure.Tutorial.ServiceBus.ReceiveMessage", "MicrosoftAzure.Tutorial.ServiceBus.ReceiveMessage\MicrosoftAzure.Tutorial.ServiceBus.ReceiveMessage.csproj", "{486BEAB2-A174-4FD2-9BEF-E81F6AD5D2F3}"
EndProject
Global
	GlobalSection(SolutionConfigurationPlatforms) = preSolution
		Debug|Any CPU = Debug|Any CPU
		Release|Any CPU = Release|Any CPU
	EndGlobalSection
	GlobalSection(ProjectConfigurationPlatforms) = postSolution
		{960BD666-A498-413A-9D28-B9E6BE40C4FA}.Debug|Any CPU.ActiveCfg = Debug|Any CPU
		{960BD666-A498-413A-9D28-B9E6BE40C4FA}.Debug|Any CPU.Build.0 = Debug|Any CPU
		{960BD666-A498-413A-9D28-B9E6BE40C4FA}.Release|Any CPU.ActiveCfg = Release|Any CPU
		{960BD666-A498-413A-9D28-B9E6BE40C4FA}.Release|Any CPU.Build.0 = Release|Any CPU
		{937FF9DB-8BA5-4BF8-8F95-1185DD41E914}.Debug|Any CPU.ActiveCfg = Debug|Any CPU
		{937FF9DB-8BA5-4BF8-8F95-1185DD41E914}.Debug|Any CPU.Build.0 = Debug|Any CPU
		{937FF9DB-8BA5-4BF8-8F95-1185DD41E914}.Release|Any CPU.ActiveCfg = Release|Any CPU
		{937FF9DB-8BA5-4BF8-8F95-1185DD41E914}.Release|Any CPU.Build.0 = Release|Any CPU
		{4704F0E6-C5EE-4546-80E3-316F2559F259}.Debug|Any CPU.ActiveCfg = Debug|Any CPU
		{4704F0E6-C5EE-4546-80E3-316F2559F259}.Debug|Any CPU.Build.0 = Debug|Any CPU
		{4704F0E6-C5EE-4546-80E3-316F2559F259}.Release|Any CPU.ActiveCfg = Release|Any CPU
		{4704F0E6-C5EE-4546-80E3-316F2559F259}.Release|Any CPU.Build.0 = Release|Any CPU
		{89B949B6-C055-4C1C-8D9D-87EECADBEFE5}.Debug|Any CPU.ActiveCfg = Debug|Any CPU
		{89B949B6-C055-4C1C-8D9D-87EECADBEFE5}.Debug|Any CPU.Build.0 = Debug|Any CPU
		{89B949B6-C055-4C1C-8D9D-87EECADBEFE5}.Release|Any CPU.ActiveCfg = Release|Any CPU
		{89B949B6-C055-4C1C-8D9D-87EECADBEFE5}.Release|Any CPU.Build.0 = Release|Any CPU
		{341B5883-44F3-4F82-9E07-EF0FCAE75A15}.Debug|Any CPU.ActiveCfg = Debug|Any CPU
		{341B5883-44F3-4F82-9E07-EF0FCAE75A15}.Debug|Any CPU.Build.0 = Debug|Any CPU
		{341B5883-44F3-4F82-9E07-EF0FCAE75A15}.Release|Any CPU.ActiveCfg = Release|Any CPU
		{341B5883-44F3-4F82-9E07-EF0FCAE75A15}.Release|Any CPU.Build.0 = Release|Any CPU
		{486BEAB2-A174-4FD2-9BEF-E81F6AD5D2F3}.Debug|Any CPU.ActiveCfg = Debug|Any CPU
		{486BEAB2-A174-4FD2-9BEF-E81F6AD5D2F3}.Debug|Any CPU.Build.0 = Debug|Any CPU
		{486BEAB2-A174-4FD2-9BEF-E81F6AD5D2F3}.Release|Any CPU.ActiveCfg = Release|Any CPU
		{486BEAB2-A174-4FD2-9BEF-E81F6AD5D2F3}.Release|Any CPU.Build.0 = Release|Any CPU
	EndGlobalSection
	GlobalSection(SolutionProperties) = preSolution
		HideSolutionNode = FALSE
	EndGlobalSection
	GlobalSection(ExtensibilityGlobals) = postSolution
		EnterpriseLibraryConfigurationToolBinariesPathV6 = packages\EnterpriseLibrary.TransientFaultHandling.6.0.1304.0\lib\portable-net45+win+wp8
	EndGlobalSection
EndGlobal
