
Microsoft Visual Studio Solution File, Format Version 12.00
# Visual Studio 14
VisualStudioVersion = 14.0.25420.1
MinimumVisualStudioVersion = 10.0.40219.1
Project("{FAE04EC0-301F-11D3-BF4B-00C04F79EFBC}") = "MicrosoftAzure.Tutorial.IoT.CreateDeviceIdentity", "CreateDeviceIdentity\MicrosoftAzure.Tutorial.IoT.CreateDeviceIdentity.csproj", "{960BD666-A498-413A-9D28-B9E6BE40C4FA}"
EndProject
Project("{FAE04EC0-301F-11D3-BF4B-00C04F79EFBC}") = "MicrosoftAzure.Tutorial.IoT.ReadDeviceToCloudMessages", "ReadDeviceToCloudMessages\MicrosoftAzure.Tutorial.IoT.ReadDeviceToCloudMessages.csproj", "{937FF9DB-8BA5-4BF8-8F95-1185DD41E914}"
EndProject
Project("{FAE04EC0-301F-11D3-BF4B-00C04F79EFBC}") = "MicrosoftAzure.Tutorial.IoT.SimulatedDevice", "SimulatedDevice\MicrosoftAzure.Tutorial.IoT.SimulatedDevice.csproj", "{4704F0E6-C5EE-4546-80E3-316F2559F259}"
EndProject
Project("{FAE04EC0-301F-11D3-BF4B-00C04F79EFBC}") = "MicrosoftAzure.Tutorial.IoT.ProcessDeviceToCloudMessages", "ProcessDeviceToCloudMessages\MicrosoftAzure.Tutorial.IoT.ProcessDeviceToCloudMessages.csproj", "{89B949B6-C055-4C1C-8D9D-87EECADBEFE5}"
EndProject
Project("{FAE04EC0-301F-11D3-BF4B-00C04F79EFBC}") = "MicrosoftAzure.Tutorial.ServiceBus.SendMessage", "MicrosoftAzure.Tutorial.ServiceBus.SendMessage\MicrosoftAzure.Tutorial.ServiceBus.SendMessage.csproj", "{341B5883-44F3-4F82-9E07-EF0FCAE75A15}"
EndProject
Project("{FAE04EC0-301F-11D3-BF4B-00C04F79EFBC}") = "MicrosoftAzure.Tutorial.ServiceBus.ReceiveMessage", "MicrosoftAzure.Tutorial.ServiceBus.ReceiveMessage\MicrosoftAzure.Tutorial.ServiceBus.ReceiveMessage.csproj", "{486BEAB2-A174-4FD2-9BEF-E81F6AD5D2F3}"
EndProject
Project("{FAE04EC0-301F-11D3-BF4B-00C04F79EFBC}") = "MicrosoftAzure.Tutorial.ServiceBus.ServiceBusRelayClient", "MicrosoftAzure.Tutorial.ServiceBus.ServiceBusRelay\MicrosoftAzure.Tutorial.ServiceBus.ServiceBusRelayClient.csproj", "{EF09D480-5254-47E2-B811-EEB996F154D6}"
EndProject
Project("{FAE04EC0-301F-11D3-BF4B-00C04F79EFBC}") = "MicrosoftAzure.Tutorial.ServiceBus.ServiceBusRelayServer", "MicrosoftAzure.Tutorial.ServiceBus.ServiceBusRelayServer\MicrosoftAzure.Tutorial.ServiceBus.ServiceBusRelayServer.csproj", "{7F1019DC-811F-4FB3-A9DB-6B28C3AFBC49}"
EndProject
Project("{FAE04EC0-301F-11D3-BF4B-00C04F79EFBC}") = "MicrosoftAzure.Tutorial.ServiceBus.Common", "MicrosoftAzure.Tutorial.ServiceBus.Common\MicrosoftAzure.Tutorial.ServiceBus.Common.csproj", "{5F5A5BF0-2A6E-4DCE-924E-4290A238EB88}"
EndProject
Project("{FAE04EC0-301F-11D3-BF4B-00C04F79EFBC}") = "MicrosoftAzure.Tutorial.EventHub.Sender", "MicrosoftAzure.Tutorial.EventHub.Sender\MicrosoftAzure.Tutorial.EventHub.Sender.csproj", "{A0C15E5D-D90C-4562-8823-0FF3E2CCCAE0}"
EndProject
Project("{FAE04EC0-301F-11D3-BF4B-00C04F79EFBC}") = "MicrosoftAzure.Tutorial.EventHub.Receiver", "MicrosoftAzure.Tutorial.EventHub.Receiver\MicrosoftAzure.Tutorial.EventHub.Receiver.csproj", "{2C08E878-30DC-4FA6-A335-F609308EBAC4}"
EndProject
Global
	GlobalSection(SolutionConfigurationPlatforms) = preSolution
		Debug|Any CPU = Debug|Any CPU
		Release|Any CPU = Release|Any CPU
	EndGlobalSection
	GlobalSection(ProjectConfigurationPlatforms) = postSolution
		{960BD666-A498-413A-9D28-B9E6BE40C4FA}.Debug|Any CPU.ActiveCfg = Debug|Any CPU
		{960BD666-A498-413A-9D28-B9E6BE40C4FA}.Debug|Any CPU.Build.0 = Debug|Any CPU
		{960BD666-A498-413A-9D28-B9E6BE40C4FA}.Release|Any CPU.ActiveCfg = Release|Any CPU
		{960BD666-A498-413A-9D28-B9E6BE40C4FA}.Release|Any CPU.Build.0 = Release|Any CPU
		{937FF9DB-8BA5-4BF8-8F95-1185DD41E914}.Debug|Any CPU.ActiveCfg = Debug|Any CPU
		{937FF9DB-8BA5-4BF8-8F95-1185DD41E914}.Debug|Any CPU.Build.0 = Debug|Any CPU
		{937FF9DB-8BA5-4BF8-8F95-1185DD41E914}.Release|Any CPU.ActiveCfg = Release|Any CPU
		{937FF9DB-8BA5-4BF8-8F95-1185DD41E914}.Release|Any CPU.Build.0 = Release|Any CPU
		{4704F0E6-C5EE-4546-80E3-316F2559F259}.Debug|Any CPU.ActiveCfg = Debug|Any CPU
		{4704F0E6-C5EE-4546-80E3-316F2559F259}.Debug|Any CPU.Build.0 = Debug|Any CPU
		{4704F0E6-C5EE-4546-80E3-316F2559F259}.Release|Any CPU.ActiveCfg = Release|Any CPU
		{4704F0E6-C5EE-4546-80E3-316F2559F259}.Release|Any CPU.Build.0 = Release|Any CPU
		{89B949B6-C055-4C1C-8D9D-87EECADBEFE5}.Debug|Any CPU.ActiveCfg = Debug|Any CPU
		{89B949B6-C055-4C1C-8D9D-87EECADBEFE5}.Debug|Any CPU.Build.0 = Debug|Any CPU
		{89B949B6-C055-4C1C-8D9D-87EECADBEFE5}.Release|Any CPU.ActiveCfg = Release|Any CPU
		{89B949B6-C055-4C1C-8D9D-87EECADBEFE5}.Release|Any CPU.Build.0 = Release|Any CPU
		{341B5883-44F3-4F82-9E07-EF0FCAE75A15}.Debug|Any CPU.ActiveCfg = Debug|Any CPU
		{341B5883-44F3-4F82-9E07-EF0FCAE75A15}.Debug|Any CPU.Build.0 = Debug|Any CPU
		{341B5883-44F3-4F82-9E07-EF0FCAE75A15}.Release|Any CPU.ActiveCfg = Release|Any CPU
		{341B5883-44F3-4F82-9E07-EF0FCAE75A15}.Release|Any CPU.Build.0 = Release|Any CPU
		{486BEAB2-A174-4FD2-9BEF-E81F6AD5D2F3}.Debug|Any CPU.ActiveCfg = Debug|Any CPU
		{486BEAB2-A174-4FD2-9BEF-E81F6AD5D2F3}.Debug|Any CPU.Build.0 = Debug|Any CPU
		{486BEAB2-A174-4FD2-9BEF-E81F6AD5D2F3}.Release|Any CPU.ActiveCfg = Release|Any CPU
		{486BEAB2-A174-4FD2-9BEF-E81F6AD5D2F3}.Release|Any CPU.Build.0 = Release|Any CPU
		{EF09D480-5254-47E2-B811-EEB996F154D6}.Debug|Any CPU.ActiveCfg = Debug|Any CPU
		{EF09D480-5254-47E2-B811-EEB996F154D6}.Debug|Any CPU.Build.0 = Debug|Any CPU
		{EF09D480-5254-47E2-B811-EEB996F154D6}.Release|Any CPU.ActiveCfg = Release|Any CPU
		{EF09D480-5254-47E2-B811-EEB996F154D6}.Release|Any CPU.Build.0 = Release|Any CPU
		{7F1019DC-811F-4FB3-A9DB-6B28C3AFBC49}.Debug|Any CPU.ActiveCfg = Debug|Any CPU
		{7F1019DC-811F-4FB3-A9DB-6B28C3AFBC49}.Debug|Any CPU.Build.0 = Debug|Any CPU
		{7F1019DC-811F-4FB3-A9DB-6B28C3AFBC49}.Release|Any CPU.ActiveCfg = Release|Any CPU
		{7F1019DC-811F-4FB3-A9DB-6B28C3AFBC49}.Release|Any CPU.Build.0 = Release|Any CPU
		{5F5A5BF0-2A6E-4DCE-924E-4290A238EB88}.Debug|Any CPU.ActiveCfg = Debug|Any CPU
		{5F5A5BF0-2A6E-4DCE-924E-4290A238EB88}.Debug|Any CPU.Build.0 = Debug|Any CPU
		{5F5A5BF0-2A6E-4DCE-924E-4290A238EB88}.Release|Any CPU.ActiveCfg = Release|Any CPU
		{5F5A5BF0-2A6E-4DCE-924E-4290A238EB88}.Release|Any CPU.Build.0 = Release|Any CPU
		{A0C15E5D-D90C-4562-8823-0FF3E2CCCAE0}.Debug|Any CPU.ActiveCfg = Debug|Any CPU
		{A0C15E5D-D90C-4562-8823-0FF3E2CCCAE0}.Debug|Any CPU.Build.0 = Debug|Any CPU
		{A0C15E5D-D90C-4562-8823-0FF3E2CCCAE0}.Release|Any CPU.ActiveCfg = Release|Any CPU
		{A0C15E5D-D90C-4562-8823-0FF3E2CCCAE0}.Release|Any CPU.Build.0 = Release|Any CPU
		{2C08E878-30DC-4FA6-A335-F609308EBAC4}.Debug|Any CPU.ActiveCfg = Debug|Any CPU
		{2C08E878-30DC-4FA6-A335-F609308EBAC4}.Debug|Any CPU.Build.0 = Debug|Any CPU
		{2C08E878-30DC-4FA6-A335-F609308EBAC4}.Release|Any CPU.ActiveCfg = Release|Any CPU
		{2C08E878-30DC-4FA6-A335-F609308EBAC4}.Release|Any CPU.Build.0 = Release|Any CPU
	EndGlobalSection
	GlobalSection(SolutionProperties) = preSolution
		HideSolutionNode = FALSE
	EndGlobalSection
	GlobalSection(ExtensibilityGlobals) = postSolution
		EnterpriseLibraryConfigurationToolBinariesPathV6 = packages\EnterpriseLibrary.TransientFaultHandling.6.0.1304.0\lib\portable-net45+win+wp8
	EndGlobalSection
EndGlobal
